
Microsoft Visual Studio Solution File, Format Version 12.00
# Visual Studio Version 17
VisualStudioVersion = 17.1.32319.34
MinimumVisualStudioVersion = 10.0.40219.1
Project("{9A19103F-16F7-4668-BE54-9A1E7A4F7556}") = "WPF - My Banker", "WPF - My Banker\WPF - My Banker.csproj", "{2CBA2BF9-7482-4FDE-98F7-7601986758AC}"
EndProject
Global
	GlobalSection(SolutionConfigurationPlatforms) = preSolution
		Debug|Any CPU = Debug|Any CPU
		Release|Any CPU = Release|Any CPU
	EndGlobalSection
	GlobalSection(ProjectConfigurationPlatforms) = postSolution
		{2CBA2BF9-7482-4FDE-98F7-7601986758AC}.Debug|Any CPU.ActiveCfg = Debug|Any CPU
		{2CBA2BF9-7482-4FDE-98F7-7601986758AC}.Debug|Any CPU.Build.0 = Debug|Any CPU
		{2CBA2BF9-7482-4FDE-98F7-7601986758AC}.Release|Any CPU.ActiveCfg = Release|Any CPU
		{2CBA2BF9-7482-4FDE-98F7-7601986758AC}.Release|Any CPU.Build.0 = Release|Any CPU
	EndGlobalSection
	GlobalSection(SolutionProperties) = preSolution
		HideSolutionNode = FALSE
	EndGlobalSection
	GlobalSection(ExtensibilityGlobals) = postSolution
		SolutionGuid = {D97B7F64-E534-451D-986E-CEB9A850D853}
	EndGlobalSection
EndGlobal
